
Microsoft Visual Studio Solution File, Format Version 12.00
# Visual Studio 15
VisualStudioVersion = 15.0.28306.52
MinimumVisualStudioVersion = 10.0.40219.1
Project("{2150E333-8FDC-42A3-9474-1A3956D46DE8}") = ".paket", ".paket", "{7301E762-86CD-4285-9239-112304AEC91D}"
	ProjectSection(SolutionItems) = preProject
		paket.dependencies = paket.dependencies
	EndProjectSection
EndProject
Project("{FAE04EC0-301F-11D3-BF4B-00C04F79EFBC}") = "Drachenkatze.PresetMagician.NKSF", "Drachenkatze.PresetMagician.NKSF\Drachenkatze.PresetMagician.NKSF.csproj", "{2126DF46-7F24-4C2C-B236-514A70B7A3A5}"
EndProject
Project("{FAE04EC0-301F-11D3-BF4B-00C04F79EFBC}") = "Drachenkatze.PresetMagician.VSTHost", "Drachenkatze.PresetMagician.VSTHost\Drachenkatze.PresetMagician.VSTHost.csproj", "{BB9702B3-2826-411A-B7C5-EF64348A7A5C}"
EndProject
Project("{FAE04EC0-301F-11D3-BF4B-00C04F79EFBC}") = "PresetMagicianScratchPad", "PresetMagicianScratchPad\PresetMagicianScratchPad.csproj", "{51B78490-BB4B-4FC2-813D-BDA9ECB84A66}"
EndProject
Project("{930C7802-8A8C-48F9-8165-68863BCCD9DD}") = "PresetMagicianSetup", "PresetMagicianSetup\PresetMagicianSetup.wixproj", "{52766158-A1A8-4353-9A4D-B3DA52333B2F}"
EndProject
Project("{930C7802-8A8C-48F9-8165-68863BCCD9DD}") = "PresetMagicianSetupBootstrapper", "PresetMagicianSetupBootstrapper\PresetMagicianSetupBootstrapper.wixproj", "{C5DD6A39-C463-4F5B-8574-7024FAD516F4}"
EndProject
Project("{FAE04EC0-301F-11D3-BF4B-00C04F79EFBC}") = "Drachenkatze.PresetMagician.Utils", "Drachenkatze.PresetMagician.Utils\Drachenkatze.PresetMagician.Utils.csproj", "{37ABDA8A-5FFA-41F9-B880-A272D8C21DFF}"
EndProject
Project("{FAE04EC0-301F-11D3-BF4B-00C04F79EFBC}") = "Drachenkatze.PresetMagician.VendorPresetParser", "Drachenkatze.PresetMagician.VendorPresetParser\Drachenkatze.PresetMagician.VendorPresetParser.csproj", "{3F01003F-9E52-4F4D-A5FD-ECDD9017C048}"
EndProject
Project("{FAE04EC0-301F-11D3-BF4B-00C04F79EFBC}") = "PresetMagician", "PresetMagician\PresetMagician.csproj", "{0E183CA0-0CF2-4857-839E-E65BD6E9781D}"
EndProject
Project("{2150E333-8FDC-42A3-9474-1A3956D46DE8}") = "Solution Items", "Solution Items", "{522AEBAE-22AF-41AB-A441-F5FFE3D91A46}"
	ProjectSection(SolutionItems) = preProject
		Packages.props = Packages.props
	EndProjectSection
EndProject
Project("{FAE04EC0-301F-11D3-BF4B-00C04F79EFBC}") = "Drachenkatze.PresetMagician.VendorPresetParserTests", "Drachenkatze.PresetMagician.VendorPresetParserTests\Drachenkatze.PresetMagician.VendorPresetParserTests.csproj", "{C798DD9B-2055-4774-9A83-673D833726F2}"
EndProject
Global
	GlobalSection(SolutionConfigurationPlatforms) = preSolution
		Debug|Any CPU = Debug|Any CPU
		Debug|x64 = Debug|x64
		Publish|Any CPU = Publish|Any CPU
		Publish|x64 = Publish|x64
		Release|Any CPU = Release|Any CPU
		Release|x64 = Release|x64
	EndGlobalSection
	GlobalSection(ProjectConfigurationPlatforms) = postSolution
		{2126DF46-7F24-4C2C-B236-514A70B7A3A5}.Debug|Any CPU.ActiveCfg = Debug|x64
		{2126DF46-7F24-4C2C-B236-514A70B7A3A5}.Debug|x64.ActiveCfg = Debug|x64
		{2126DF46-7F24-4C2C-B236-514A70B7A3A5}.Debug|x64.Build.0 = Debug|x64
		{2126DF46-7F24-4C2C-B236-514A70B7A3A5}.Publish|Any CPU.ActiveCfg = Release|x64
		{2126DF46-7F24-4C2C-B236-514A70B7A3A5}.Publish|Any CPU.Build.0 = Release|x64
		{2126DF46-7F24-4C2C-B236-514A70B7A3A5}.Publish|x64.ActiveCfg = Release|x64
		{2126DF46-7F24-4C2C-B236-514A70B7A3A5}.Publish|x64.Build.0 = Release|x64
		{2126DF46-7F24-4C2C-B236-514A70B7A3A5}.Release|Any CPU.ActiveCfg = Release|x64
		{2126DF46-7F24-4C2C-B236-514A70B7A3A5}.Release|x64.ActiveCfg = Release|x64
		{2126DF46-7F24-4C2C-B236-514A70B7A3A5}.Release|x64.Build.0 = Release|x64
		{BB9702B3-2826-411A-B7C5-EF64348A7A5C}.Debug|Any CPU.ActiveCfg = Debug|x64
		{BB9702B3-2826-411A-B7C5-EF64348A7A5C}.Debug|x64.ActiveCfg = Debug|x64
		{BB9702B3-2826-411A-B7C5-EF64348A7A5C}.Debug|x64.Build.0 = Debug|x64
		{BB9702B3-2826-411A-B7C5-EF64348A7A5C}.Publish|Any CPU.ActiveCfg = Release|x64
		{BB9702B3-2826-411A-B7C5-EF64348A7A5C}.Publish|Any CPU.Build.0 = Release|x64
		{BB9702B3-2826-411A-B7C5-EF64348A7A5C}.Publish|x64.ActiveCfg = Release|x64
		{BB9702B3-2826-411A-B7C5-EF64348A7A5C}.Publish|x64.Build.0 = Release|x64
		{BB9702B3-2826-411A-B7C5-EF64348A7A5C}.Release|Any CPU.ActiveCfg = Release|x64
		{BB9702B3-2826-411A-B7C5-EF64348A7A5C}.Release|x64.ActiveCfg = Release|x64
		{BB9702B3-2826-411A-B7C5-EF64348A7A5C}.Release|x64.Build.0 = Release|x64
		{51B78490-BB4B-4FC2-813D-BDA9ECB84A66}.Debug|Any CPU.ActiveCfg = Debug|x64
		{51B78490-BB4B-4FC2-813D-BDA9ECB84A66}.Debug|x64.ActiveCfg = Debug|x64
		{51B78490-BB4B-4FC2-813D-BDA9ECB84A66}.Debug|x64.Build.0 = Debug|x64
		{51B78490-BB4B-4FC2-813D-BDA9ECB84A66}.Publish|Any CPU.ActiveCfg = Release|x64
		{51B78490-BB4B-4FC2-813D-BDA9ECB84A66}.Publish|Any CPU.Build.0 = Release|x64
		{51B78490-BB4B-4FC2-813D-BDA9ECB84A66}.Publish|x64.ActiveCfg = Release|x64
		{51B78490-BB4B-4FC2-813D-BDA9ECB84A66}.Publish|x64.Build.0 = Release|x64
		{51B78490-BB4B-4FC2-813D-BDA9ECB84A66}.Release|Any CPU.ActiveCfg = Release|x64
		{51B78490-BB4B-4FC2-813D-BDA9ECB84A66}.Release|x64.ActiveCfg = Release|x64
		{51B78490-BB4B-4FC2-813D-BDA9ECB84A66}.Release|x64.Build.0 = Release|x64
		{52766158-A1A8-4353-9A4D-B3DA52333B2F}.Debug|Any CPU.ActiveCfg = Debug|x86
		{52766158-A1A8-4353-9A4D-B3DA52333B2F}.Debug|x64.ActiveCfg = Debug|x64
		{52766158-A1A8-4353-9A4D-B3DA52333B2F}.Publish|Any CPU.ActiveCfg = Release|x86
		{52766158-A1A8-4353-9A4D-B3DA52333B2F}.Publish|Any CPU.Build.0 = Release|x86
		{52766158-A1A8-4353-9A4D-B3DA52333B2F}.Publish|x64.ActiveCfg = Release|x64
		{52766158-A1A8-4353-9A4D-B3DA52333B2F}.Publish|x64.Build.0 = Release|x64
		{52766158-A1A8-4353-9A4D-B3DA52333B2F}.Release|Any CPU.ActiveCfg = Release|x86
		{52766158-A1A8-4353-9A4D-B3DA52333B2F}.Release|x64.ActiveCfg = Release|x64
		{C5DD6A39-C463-4F5B-8574-7024FAD516F4}.Debug|Any CPU.ActiveCfg = Debug|x86
		{C5DD6A39-C463-4F5B-8574-7024FAD516F4}.Debug|x64.ActiveCfg = Debug|x64
		{C5DD6A39-C463-4F5B-8574-7024FAD516F4}.Publish|Any CPU.ActiveCfg = Release|x86
		{C5DD6A39-C463-4F5B-8574-7024FAD516F4}.Publish|Any CPU.Build.0 = Release|x86
		{C5DD6A39-C463-4F5B-8574-7024FAD516F4}.Publish|x64.ActiveCfg = Release|x64
		{C5DD6A39-C463-4F5B-8574-7024FAD516F4}.Publish|x64.Build.0 = Release|x64
		{C5DD6A39-C463-4F5B-8574-7024FAD516F4}.Release|Any CPU.ActiveCfg = Release|x86
		{C5DD6A39-C463-4F5B-8574-7024FAD516F4}.Release|x64.ActiveCfg = Release|x64
		{37ABDA8A-5FFA-41F9-B880-A272D8C21DFF}.Debug|Any CPU.ActiveCfg = Debug|x64
		{37ABDA8A-5FFA-41F9-B880-A272D8C21DFF}.Debug|x64.ActiveCfg = Debug|x64
		{37ABDA8A-5FFA-41F9-B880-A272D8C21DFF}.Debug|x64.Build.0 = Debug|x64
		{37ABDA8A-5FFA-41F9-B880-A272D8C21DFF}.Publish|Any CPU.ActiveCfg = Release|x64
		{37ABDA8A-5FFA-41F9-B880-A272D8C21DFF}.Publish|Any CPU.Build.0 = Release|x64
		{37ABDA8A-5FFA-41F9-B880-A272D8C21DFF}.Publish|x64.ActiveCfg = Release|x64
		{37ABDA8A-5FFA-41F9-B880-A272D8C21DFF}.Publish|x64.Build.0 = Release|x64
		{37ABDA8A-5FFA-41F9-B880-A272D8C21DFF}.Release|Any CPU.ActiveCfg = Release|x64
		{37ABDA8A-5FFA-41F9-B880-A272D8C21DFF}.Release|x64.ActiveCfg = Release|x64
		{37ABDA8A-5FFA-41F9-B880-A272D8C21DFF}.Release|x64.Build.0 = Release|x64
		{3F01003F-9E52-4F4D-A5FD-ECDD9017C048}.Debug|Any CPU.ActiveCfg = Debug|x64
		{3F01003F-9E52-4F4D-A5FD-ECDD9017C048}.Debug|x64.ActiveCfg = Debug|x64
		{3F01003F-9E52-4F4D-A5FD-ECDD9017C048}.Debug|x64.Build.0 = Debug|x64
		{3F01003F-9E52-4F4D-A5FD-ECDD9017C048}.Publish|Any CPU.ActiveCfg = Release|x64
		{3F01003F-9E52-4F4D-A5FD-ECDD9017C048}.Publish|Any CPU.Build.0 = Release|x64
		{3F01003F-9E52-4F4D-A5FD-ECDD9017C048}.Publish|x64.ActiveCfg = Release|x64
		{3F01003F-9E52-4F4D-A5FD-ECDD9017C048}.Publish|x64.Build.0 = Release|x64
		{3F01003F-9E52-4F4D-A5FD-ECDD9017C048}.Release|Any CPU.ActiveCfg = Release|x64
		{3F01003F-9E52-4F4D-A5FD-ECDD9017C048}.Release|x64.ActiveCfg = Release|x64
		{3F01003F-9E52-4F4D-A5FD-ECDD9017C048}.Release|x64.Build.0 = Release|x64
		{0E183CA0-0CF2-4857-839E-E65BD6E9781D}.Debug|Any CPU.ActiveCfg = Debug|x64
		{0E183CA0-0CF2-4857-839E-E65BD6E9781D}.Debug|x64.ActiveCfg = Debug|x64
		{0E183CA0-0CF2-4857-839E-E65BD6E9781D}.Debug|x64.Build.0 = Debug|x64
		{0E183CA0-0CF2-4857-839E-E65BD6E9781D}.Publish|Any CPU.ActiveCfg = Release|x64
		{0E183CA0-0CF2-4857-839E-E65BD6E9781D}.Publish|Any CPU.Build.0 = Release|x64
		{0E183CA0-0CF2-4857-839E-E65BD6E9781D}.Publish|x64.ActiveCfg = Release|x64
		{0E183CA0-0CF2-4857-839E-E65BD6E9781D}.Publish|x64.Build.0 = Release|x64
		{0E183CA0-0CF2-4857-839E-E65BD6E9781D}.Release|Any CPU.ActiveCfg = Release|x64
		{0E183CA0-0CF2-4857-839E-E65BD6E9781D}.Release|x64.ActiveCfg = Release|x64
		{0E183CA0-0CF2-4857-839E-E65BD6E9781D}.Release|x64.Build.0 = Release|x64
		{C798DD9B-2055-4774-9A83-673D833726F2}.Debug|Any CPU.ActiveCfg = Debug|Any CPU
		{C798DD9B-2055-4774-9A83-673D833726F2}.Debug|Any CPU.Build.0 = Debug|Any CPU
		{C798DD9B-2055-4774-9A83-673D833726F2}.Debug|x64.ActiveCfg = Debug|Any CPU
		{C798DD9B-2055-4774-9A83-673D833726F2}.Debug|x64.Build.0 = Debug|Any CPU
		{C798DD9B-2055-4774-9A83-673D833726F2}.Publish|Any CPU.ActiveCfg = Release|Any CPU
		{C798DD9B-2055-4774-9A83-673D833726F2}.Publish|Any CPU.Build.0 = Release|Any CPU
		{C798DD9B-2055-4774-9A83-673D833726F2}.Publish|x64.ActiveCfg = Release|Any CPU
		{C798DD9B-2055-4774-9A83-673D833726F2}.Publish|x64.Build.0 = Release|Any CPU
		{C798DD9B-2055-4774-9A83-673D833726F2}.Release|Any CPU.ActiveCfg = Release|Any CPU
		{C798DD9B-2055-4774-9A83-673D833726F2}.Release|Any CPU.Build.0 = Release|Any CPU
		{C798DD9B-2055-4774-9A83-673D833726F2}.Release|x64.ActiveCfg = Release|Any CPU
		{C798DD9B-2055-4774-9A83-673D833726F2}.Release|x64.Build.0 = Release|Any CPU
	EndGlobalSection
	GlobalSection(SolutionProperties) = preSolution
		HideSolutionNode = FALSE
	EndGlobalSection
	GlobalSection(ExtensibilityGlobals) = postSolution
		SolutionGuid = {2008D33E-2B46-48FA-B735-97A03C568532}
	EndGlobalSection
	GlobalSection(TestCaseManagementSettings) = postSolution
		CategoryFile = Jacobi.Vst.Clr4.vsmdi
	EndGlobalSection
	GlobalSection(TestCaseManagementSettings) = postSolution
		CategoryFile = Jacobi.Vst.Clr4.vsmdi
	EndGlobalSection
	GlobalSection(TestCaseManagementSettings) = postSolution
		CategoryFile = Jacobi.Vst.Clr4.vsmdi
	EndGlobalSection
EndGlobal
