
Microsoft Visual Studio Solution File, Format Version 12.00
# Visual Studio 15
VisualStudioVersion = 15.0.28010.2050
MinimumVisualStudioVersion = 10.0.40219.1
Project("{2150E333-8FDC-42A3-9474-1A3956D46DE8}") = "Solution Items", "Solution Items", "{6ACC8454-407A-4443-AE5F-219E25161B05}"
	ProjectSection(SolutionItems) = preProject
		..\vst.net\Source\Code\AssemblyInfo.Version.cpp = ..\vst.net\Source\Code\AssemblyInfo.Version.cpp
		..\vst.net\Source\Code\AssemblyInfo.Version.cs = ..\vst.net\Source\Code\AssemblyInfo.Version.cs
		..\vst.net\Source\Code\CreateBuildResults.cmd = ..\vst.net\Source\Code\CreateBuildResults.cmd
		Jacobi.Vst.Clr4.vsmdi = Jacobi.Vst.Clr4.vsmdi
		Jacobi.Vst.Clr41.vsmdi = Jacobi.Vst.Clr41.vsmdi
		..\vst.net\Source\Code\LocalTestRun.Clr4.testrunconfig = ..\vst.net\Source\Code\LocalTestRun.Clr4.testrunconfig
		TestRIFF\SummaryInformation.cs = TestRIFF\SummaryInformation.cs
	EndProjectSection
EndProject
Project("{FAE04EC0-301F-11D3-BF4B-00C04F79EFBC}") = "PresetMagician", "PresetMagician\PresetMagician.csproj", "{B2BA610A-9BB9-486C-BFA2-0BA2585FA563}"
	ProjectSection(ProjectDependencies) = postProject
		{5950F8A9-F413-4ACE-B6E0-6F458B4C26F9} = {5950F8A9-F413-4ACE-B6E0-6F458B4C26F9}
		{E0CC0CCF-A40D-4A53-8FAC-B6AF7E76EB08} = {E0CC0CCF-A40D-4A53-8FAC-B6AF7E76EB08}
	EndProjectSection
EndProject
Project("{FAE04EC0-301F-11D3-BF4B-00C04F79EFBC}") = "PresetMagicianGUI", "PresetMagicianGUI\PresetMagicianGUI.csproj", "{0E183CA0-0CF2-4857-839E-E65BD6E9781D}"
	ProjectSection(ProjectDependencies) = postProject
		{B2BA610A-9BB9-486C-BFA2-0BA2585FA563} = {B2BA610A-9BB9-486C-BFA2-0BA2585FA563}
	EndProjectSection
EndProject
Project("{2150E333-8FDC-42A3-9474-1A3956D46DE8}") = "Solution Items", "Solution Items", "{6ACC8454-407A-4443-AE5F-219E25161B05}"
	ProjectSection(SolutionItems) = preProject
		..\vst.net\Source\Code\AssemblyInfo.Version.cpp = ..\vst.net\Source\Code\AssemblyInfo.Version.cpp
		..\vst.net\Source\Code\AssemblyInfo.Version.cs = ..\vst.net\Source\Code\AssemblyInfo.Version.cs
		..\vst.net\Source\Code\CreateBuildResults.cmd = ..\vst.net\Source\Code\CreateBuildResults.cmd
		Jacobi.Vst.Clr4.vsmdi = Jacobi.Vst.Clr4.vsmdi
		Jacobi.Vst.Clr41.vsmdi = Jacobi.Vst.Clr41.vsmdi
		..\vst.net\Source\Code\LocalTestRun.Clr4.testrunconfig = ..\vst.net\Source\Code\LocalTestRun.Clr4.testrunconfig
		TestRIFF\SummaryInformation.cs = TestRIFF\SummaryInformation.cs
	EndProjectSection
EndProject
Project("{2150E333-8FDC-42A3-9474-1A3956D46DE8}") = "Solution Items", "Solution Items", "{6ACC8454-407A-4443-AE5F-219E25161B05}"
	ProjectSection(SolutionItems) = preProject
		..\vst.net\Source\Code\AssemblyInfo.Version.cpp = ..\vst.net\Source\Code\AssemblyInfo.Version.cpp
		..\vst.net\Source\Code\AssemblyInfo.Version.cs = ..\vst.net\Source\Code\AssemblyInfo.Version.cs
		..\vst.net\Source\Code\CreateBuildResults.cmd = ..\vst.net\Source\Code\CreateBuildResults.cmd
		Jacobi.Vst.Clr4.vsmdi = Jacobi.Vst.Clr4.vsmdi
		Jacobi.Vst.Clr41.vsmdi = Jacobi.Vst.Clr41.vsmdi
		..\vst.net\Source\Code\LocalTestRun.Clr4.testrunconfig = ..\vst.net\Source\Code\LocalTestRun.Clr4.testrunconfig
		TestRIFF\SummaryInformation.cs = TestRIFF\SummaryInformation.cs
	EndProjectSection
EndProject
Project("{FAE04EC0-301F-11D3-BF4B-00C04F79EFBC}") = "Jacobi.Vst.Core.Clr4", "..\vst.net\Source\Code\Jacobi.Vst.Core\Jacobi.Vst.Core.Clr4.csproj", "{5950F8A9-F413-4ACE-B6E0-6F458B4C26F9}"
EndProject
Project("{8BC9CEB8-8B4A-11D0-8D11-00A0C91BC942}") = "Jacobi.Vst.Interop.Clr4", "..\vst.net\Source\Code\Jacobi.Vst.Interop\Jacobi.Vst.Interop.Clr4.vcxproj", "{E0CC0CCF-A40D-4A53-8FAC-B6AF7E76EB08}"
EndProject
Project("{FAE04EC0-301F-11D3-BF4B-00C04F79EFBC}") = "Drachenkatze.PresetMagician.NKSF", "Drachenkatze.PresetMagician.NKSF\Drachenkatze.PresetMagician.NKSF.csproj", "{2126DF46-7F24-4C2C-B236-514A70B7A3A5}"
EndProject
Project("{FAE04EC0-301F-11D3-BF4B-00C04F79EFBC}") = "Drachenkatze.PresetMagician.VSTHost", "Drachenkatze.PresetMagician.VSTHost\Drachenkatze.PresetMagician.VSTHost.csproj", "{BB9702B3-2826-411A-B7C5-EF64348A7A5C}"
EndProject
Global
	GlobalSection(SolutionConfigurationPlatforms) = preSolution
		Debug|Any CPU = Debug|Any CPU
		Debug|x64 = Debug|x64
		Debug|x86 = Debug|x86
		Release|Any CPU = Release|Any CPU
		Release|x64 = Release|x64
		Release|x86 = Release|x86
	EndGlobalSection
	GlobalSection(ProjectConfigurationPlatforms) = postSolution
		{B2BA610A-9BB9-486C-BFA2-0BA2585FA563}.Debug|Any CPU.ActiveCfg = Debug|Any CPU
		{B2BA610A-9BB9-486C-BFA2-0BA2585FA563}.Debug|Any CPU.Build.0 = Debug|Any CPU
		{B2BA610A-9BB9-486C-BFA2-0BA2585FA563}.Debug|x64.ActiveCfg = Debug|Any CPU
		{B2BA610A-9BB9-486C-BFA2-0BA2585FA563}.Debug|x64.Build.0 = Debug|Any CPU
		{B2BA610A-9BB9-486C-BFA2-0BA2585FA563}.Debug|x86.ActiveCfg = Debug|Any CPU
		{B2BA610A-9BB9-486C-BFA2-0BA2585FA563}.Debug|x86.Build.0 = Debug|Any CPU
		{B2BA610A-9BB9-486C-BFA2-0BA2585FA563}.Release|Any CPU.ActiveCfg = Release|Any CPU
		{B2BA610A-9BB9-486C-BFA2-0BA2585FA563}.Release|Any CPU.Build.0 = Release|Any CPU
		{B2BA610A-9BB9-486C-BFA2-0BA2585FA563}.Release|x64.ActiveCfg = Release|Any CPU
		{B2BA610A-9BB9-486C-BFA2-0BA2585FA563}.Release|x64.Build.0 = Release|Any CPU
		{B2BA610A-9BB9-486C-BFA2-0BA2585FA563}.Release|x86.ActiveCfg = Release|Any CPU
		{B2BA610A-9BB9-486C-BFA2-0BA2585FA563}.Release|x86.Build.0 = Release|Any CPU
		{0E183CA0-0CF2-4857-839E-E65BD6E9781D}.Debug|Any CPU.ActiveCfg = Debug|Any CPU
		{0E183CA0-0CF2-4857-839E-E65BD6E9781D}.Debug|Any CPU.Build.0 = Debug|Any CPU
		{0E183CA0-0CF2-4857-839E-E65BD6E9781D}.Debug|x64.ActiveCfg = Debug|Any CPU
		{0E183CA0-0CF2-4857-839E-E65BD6E9781D}.Debug|x64.Build.0 = Debug|Any CPU
		{0E183CA0-0CF2-4857-839E-E65BD6E9781D}.Debug|x86.ActiveCfg = Debug|Any CPU
		{0E183CA0-0CF2-4857-839E-E65BD6E9781D}.Debug|x86.Build.0 = Debug|Any CPU
		{0E183CA0-0CF2-4857-839E-E65BD6E9781D}.Release|Any CPU.ActiveCfg = Release|Any CPU
		{0E183CA0-0CF2-4857-839E-E65BD6E9781D}.Release|Any CPU.Build.0 = Release|Any CPU
		{0E183CA0-0CF2-4857-839E-E65BD6E9781D}.Release|x64.ActiveCfg = Release|Any CPU
		{0E183CA0-0CF2-4857-839E-E65BD6E9781D}.Release|x64.Build.0 = Release|Any CPU
		{0E183CA0-0CF2-4857-839E-E65BD6E9781D}.Release|x86.ActiveCfg = Release|Any CPU
		{0E183CA0-0CF2-4857-839E-E65BD6E9781D}.Release|x86.Build.0 = Release|Any CPU
		{5950F8A9-F413-4ACE-B6E0-6F458B4C26F9}.Debug|Any CPU.ActiveCfg = Debug|Any CPU
		{5950F8A9-F413-4ACE-B6E0-6F458B4C26F9}.Debug|Any CPU.Build.0 = Debug|Any CPU
		{5950F8A9-F413-4ACE-B6E0-6F458B4C26F9}.Debug|x64.ActiveCfg = Debug|x64
		{5950F8A9-F413-4ACE-B6E0-6F458B4C26F9}.Debug|x64.Build.0 = Debug|x64
		{5950F8A9-F413-4ACE-B6E0-6F458B4C26F9}.Debug|x86.ActiveCfg = Debug|x86
		{5950F8A9-F413-4ACE-B6E0-6F458B4C26F9}.Debug|x86.Build.0 = Debug|x86
		{5950F8A9-F413-4ACE-B6E0-6F458B4C26F9}.Release|Any CPU.ActiveCfg = Release|Any CPU
		{5950F8A9-F413-4ACE-B6E0-6F458B4C26F9}.Release|Any CPU.Build.0 = Release|Any CPU
		{5950F8A9-F413-4ACE-B6E0-6F458B4C26F9}.Release|x64.ActiveCfg = Release|x64
		{5950F8A9-F413-4ACE-B6E0-6F458B4C26F9}.Release|x64.Build.0 = Release|x64
		{5950F8A9-F413-4ACE-B6E0-6F458B4C26F9}.Release|x86.ActiveCfg = Release|x86
		{5950F8A9-F413-4ACE-B6E0-6F458B4C26F9}.Release|x86.Build.0 = Release|x86
		{E0CC0CCF-A40D-4A53-8FAC-B6AF7E76EB08}.Debug|Any CPU.ActiveCfg = Debug|x64
		{E0CC0CCF-A40D-4A53-8FAC-B6AF7E76EB08}.Debug|Any CPU.Build.0 = Debug|x64
		{E0CC0CCF-A40D-4A53-8FAC-B6AF7E76EB08}.Debug|x64.ActiveCfg = Debug|x64
		{E0CC0CCF-A40D-4A53-8FAC-B6AF7E76EB08}.Debug|x64.Build.0 = Debug|x64
		{E0CC0CCF-A40D-4A53-8FAC-B6AF7E76EB08}.Debug|x86.ActiveCfg = Debug|Win32
		{E0CC0CCF-A40D-4A53-8FAC-B6AF7E76EB08}.Debug|x86.Build.0 = Debug|Win32
		{E0CC0CCF-A40D-4A53-8FAC-B6AF7E76EB08}.Release|Any CPU.ActiveCfg = Release|x64
		{E0CC0CCF-A40D-4A53-8FAC-B6AF7E76EB08}.Release|Any CPU.Build.0 = Release|x64
		{E0CC0CCF-A40D-4A53-8FAC-B6AF7E76EB08}.Release|x64.ActiveCfg = Release|x64
		{E0CC0CCF-A40D-4A53-8FAC-B6AF7E76EB08}.Release|x64.Build.0 = Release|x64
		{E0CC0CCF-A40D-4A53-8FAC-B6AF7E76EB08}.Release|x86.ActiveCfg = Release|Win32
		{E0CC0CCF-A40D-4A53-8FAC-B6AF7E76EB08}.Release|x86.Build.0 = Release|Win32
		{2126DF46-7F24-4C2C-B236-514A70B7A3A5}.Debug|Any CPU.ActiveCfg = Debug|Any CPU
		{2126DF46-7F24-4C2C-B236-514A70B7A3A5}.Debug|Any CPU.Build.0 = Debug|Any CPU
		{2126DF46-7F24-4C2C-B236-514A70B7A3A5}.Debug|x64.ActiveCfg = Debug|Any CPU
		{2126DF46-7F24-4C2C-B236-514A70B7A3A5}.Debug|x64.Build.0 = Debug|Any CPU
		{2126DF46-7F24-4C2C-B236-514A70B7A3A5}.Debug|x86.ActiveCfg = Debug|Any CPU
		{2126DF46-7F24-4C2C-B236-514A70B7A3A5}.Debug|x86.Build.0 = Debug|Any CPU
		{2126DF46-7F24-4C2C-B236-514A70B7A3A5}.Release|Any CPU.ActiveCfg = Release|Any CPU
		{2126DF46-7F24-4C2C-B236-514A70B7A3A5}.Release|Any CPU.Build.0 = Release|Any CPU
		{2126DF46-7F24-4C2C-B236-514A70B7A3A5}.Release|x64.ActiveCfg = Release|Any CPU
		{2126DF46-7F24-4C2C-B236-514A70B7A3A5}.Release|x64.Build.0 = Release|Any CPU
		{2126DF46-7F24-4C2C-B236-514A70B7A3A5}.Release|x86.ActiveCfg = Release|Any CPU
		{2126DF46-7F24-4C2C-B236-514A70B7A3A5}.Release|x86.Build.0 = Release|Any CPU
		{BB9702B3-2826-411A-B7C5-EF64348A7A5C}.Debug|Any CPU.ActiveCfg = Debug|Any CPU
		{BB9702B3-2826-411A-B7C5-EF64348A7A5C}.Debug|Any CPU.Build.0 = Debug|Any CPU
		{BB9702B3-2826-411A-B7C5-EF64348A7A5C}.Debug|x64.ActiveCfg = Debug|Any CPU
		{BB9702B3-2826-411A-B7C5-EF64348A7A5C}.Debug|x64.Build.0 = Debug|Any CPU
		{BB9702B3-2826-411A-B7C5-EF64348A7A5C}.Debug|x86.ActiveCfg = Debug|Any CPU
		{BB9702B3-2826-411A-B7C5-EF64348A7A5C}.Debug|x86.Build.0 = Debug|Any CPU
		{BB9702B3-2826-411A-B7C5-EF64348A7A5C}.Release|Any CPU.ActiveCfg = Release|Any CPU
		{BB9702B3-2826-411A-B7C5-EF64348A7A5C}.Release|Any CPU.Build.0 = Release|Any CPU
		{BB9702B3-2826-411A-B7C5-EF64348A7A5C}.Release|x64.ActiveCfg = Release|Any CPU
		{BB9702B3-2826-411A-B7C5-EF64348A7A5C}.Release|x64.Build.0 = Release|Any CPU
		{BB9702B3-2826-411A-B7C5-EF64348A7A5C}.Release|x86.ActiveCfg = Release|Any CPU
		{BB9702B3-2826-411A-B7C5-EF64348A7A5C}.Release|x86.Build.0 = Release|Any CPU
	EndGlobalSection
	GlobalSection(SolutionProperties) = preSolution
		HideSolutionNode = FALSE
	EndGlobalSection
	GlobalSection(ExtensibilityGlobals) = postSolution
		SolutionGuid = {2008D33E-2B46-48FA-B735-97A03C568532}
	EndGlobalSection
	GlobalSection(TestCaseManagementSettings) = postSolution
		CategoryFile = Jacobi.Vst.Clr4.vsmdi
	EndGlobalSection
	GlobalSection(TestCaseManagementSettings) = postSolution
		CategoryFile = Jacobi.Vst.Clr4.vsmdi
	EndGlobalSection
EndGlobal
